{
  "name": "自定义 tab 选项卡 2",
  "version": "2.0.10",
  "lockfileVersion": 1,
  "requires": true,
  "dependencies": {
    "@dcloudio/uni-ui": {
      "version": "1.4.14",
      "resolved": "https://registry.npmjs.org/@dcloudio/uni-ui/-/uni-ui-1.4.14.tgz",
      "integrity": "sha512-eAqc9cs4DQwcq+TXFgAFkaafIcUKWGGbsERJE7Sc4ZBaAj8I6Pr0uAxKLmr7Jcc2IzVzel/RaIF5qv8DjuBBvg=="
    },
    "@escook/request-miniprogram": {
      "version": "0.2.1",
      "resolved": "https://registry.npmjs.org/@escook/request-miniprogram/-/request-miniprogram-0.2.1.tgz",
      "integrity": "sha512-ueWV5YsaEm/ycQZuEjMiA88GFMhfBQSjy9GrP9omy4xAQajkGTbYIlnhzsDfWzRPmRC1fKmAiKMrCVcgS+SHcQ=="
    },
    "default-passive-events": {
      "version": "2.0.0",
      "resolved": "https://registry.npmjs.org/default-passive-events/-/default-passive-events-2.0.0.tgz",
      "integrity": "sha512-eMtt76GpDVngZQ3ocgvRcNCklUMwID1PaNbCNxfpDXuiOXttSh0HzBbda1HU9SIUsDc02vb7g9+3I5tlqe/qMQ=="
    }
  }
}
