{
  "requires": true,
  "lockfileVersion": 1,
  "dependencies": {
    "@dcloudio/uni-ui": {
      "version": "1.4.14",
      "resolved": "https://registry.npmjs.org/@dcloudio/uni-ui/-/uni-ui-1.4.14.tgz",
      "integrity": "sha512-eAqc9cs4DQwcq+TXFgAFkaafIcUKWGGbsERJE7Sc4ZBaAj8I6Pr0uAxKLmr7Jcc2IzVzel/RaIF5qv8DjuBBvg=="
    }
  }
}
